
Microsoft Visual Studio Solution File, Format Version 12.00
# Visual Studio Version 17
VisualStudioVersion = 17.4.33122.133
MinimumVisualStudioVersion = 10.0.40219.1
Project("{FAE04EC0-301F-11D3-BF4B-00C04F79EFBC}") = "PruebaCollectionViewsConDB.Android", "PruebaCollectionViewsConDB.Android\PruebaCollectionViewsConDB.Android.csproj", "{90D361A3-FA20-450B-AACE-880094EE6DFE}"
EndProject
Project("{FAE04EC0-301F-11D3-BF4B-00C04F79EFBC}") = "PruebaCollectionViewsConDB.iOS", "PruebaCollectionViewsConDB.iOS\PruebaCollectionViewsConDB.iOS.csproj", "{6CF64EF8-7992-4D5A-A964-BD4FABB23FBD}"
EndProject
Project("{FAE04EC0-301F-11D3-BF4B-00C04F79EFBC}") = "PruebaCollectionViewsConDB", "PruebaCollectionViewsConDB\PruebaCollectionViewsConDB.csproj", "{2AC42268-6477-4B4E-A720-008FC57F9A4C}"
EndProject
Global
	GlobalSection(SolutionConfigurationPlatforms) = preSolution
		Debug|Any CPU = Debug|Any CPU
		Debug|iPhone = Debug|iPhone
		Debug|iPhoneSimulator = Debug|iPhoneSimulator
		Release|Any CPU = Release|Any CPU
		Release|iPhone = Release|iPhone
		Release|iPhoneSimulator = Release|iPhoneSimulator
	EndGlobalSection
	GlobalSection(ProjectConfigurationPlatforms) = postSolution
		{90D361A3-FA20-450B-AACE-880094EE6DFE}.Debug|Any CPU.ActiveCfg = Debug|Any CPU
		{90D361A3-FA20-450B-AACE-880094EE6DFE}.Debug|Any CPU.Build.0 = Debug|Any CPU
		{90D361A3-FA20-450B-AACE-880094EE6DFE}.Debug|Any CPU.Deploy.0 = Debug|Any CPU
		{90D361A3-FA20-450B-AACE-880094EE6DFE}.Debug|iPhone.ActiveCfg = Debug|Any CPU
		{90D361A3-FA20-450B-AACE-880094EE6DFE}.Debug|iPhone.Build.0 = Debug|Any CPU
		{90D361A3-FA20-450B-AACE-880094EE6DFE}.Debug|iPhone.Deploy.0 = Debug|Any CPU
		{90D361A3-FA20-450B-AACE-880094EE6DFE}.Debug|iPhoneSimulator.ActiveCfg = Debug|Any CPU
		{90D361A3-FA20-450B-AACE-880094EE6DFE}.Debug|iPhoneSimulator.Build.0 = Debug|Any CPU
		{90D361A3-FA20-450B-AACE-880094EE6DFE}.Debug|iPhoneSimulator.Deploy.0 = Debug|Any CPU
		{90D361A3-FA20-450B-AACE-880094EE6DFE}.Release|Any CPU.ActiveCfg = Release|Any CPU
		{90D361A3-FA20-450B-AACE-880094EE6DFE}.Release|Any CPU.Build.0 = Release|Any CPU
		{90D361A3-FA20-450B-AACE-880094EE6DFE}.Release|Any CPU.Deploy.0 = Release|Any CPU
		{90D361A3-FA20-450B-AACE-880094EE6DFE}.Release|iPhone.ActiveCfg = Release|Any CPU
		{90D361A3-FA20-450B-AACE-880094EE6DFE}.Release|iPhone.Build.0 = Release|Any CPU
		{90D361A3-FA20-450B-AACE-880094EE6DFE}.Release|iPhone.Deploy.0 = Release|Any CPU
		{90D361A3-FA20-450B-AACE-880094EE6DFE}.Release|iPhoneSimulator.ActiveCfg = Release|Any CPU
		{90D361A3-FA20-450B-AACE-880094EE6DFE}.Release|iPhoneSimulator.Build.0 = Release|Any CPU
		{90D361A3-FA20-450B-AACE-880094EE6DFE}.Release|iPhoneSimulator.Deploy.0 = Release|Any CPU
		{6CF64EF8-7992-4D5A-A964-BD4FABB23FBD}.Debug|Any CPU.ActiveCfg = Debug|iPhone
		{6CF64EF8-7992-4D5A-A964-BD4FABB23FBD}.Debug|Any CPU.Build.0 = Debug|iPhone
		{6CF64EF8-7992-4D5A-A964-BD4FABB23FBD}.Debug|Any CPU.Deploy.0 = Debug|iPhone
		{6CF64EF8-7992-4D5A-A964-BD4FABB23FBD}.Debug|iPhone.ActiveCfg = Debug|iPhone
		{6CF64EF8-7992-4D5A-A964-BD4FABB23FBD}.Debug|iPhone.Build.0 = Debug|iPhone
		{6CF64EF8-7992-4D5A-A964-BD4FABB23FBD}.Debug|iPhone.Deploy.0 = Debug|iPhone
		{6CF64EF8-7992-4D5A-A964-BD4FABB23FBD}.Debug|iPhoneSimulator.ActiveCfg = Debug|iPhoneSimulator
		{6CF64EF8-7992-4D5A-A964-BD4FABB23FBD}.Debug|iPhoneSimulator.Build.0 = Debug|iPhoneSimulator
		{6CF64EF8-7992-4D5A-A964-BD4FABB23FBD}.Debug|iPhoneSimulator.Deploy.0 = Debug|iPhoneSimulator
		{6CF64EF8-7992-4D5A-A964-BD4FABB23FBD}.Release|Any CPU.ActiveCfg = Release|iPhoneSimulator
		{6CF64EF8-7992-4D5A-A964-BD4FABB23FBD}.Release|Any CPU.Build.0 = Release|iPhoneSimulator
		{6CF64EF8-7992-4D5A-A964-BD4FABB23FBD}.Release|Any CPU.Deploy.0 = Release|iPhoneSimulator
		{6CF64EF8-7992-4D5A-A964-BD4FABB23FBD}.Release|iPhone.ActiveCfg = Release|iPhone
		{6CF64EF8-7992-4D5A-A964-BD4FABB23FBD}.Release|iPhone.Build.0 = Release|iPhone
		{6CF64EF8-7992-4D5A-A964-BD4FABB23FBD}.Release|iPhone.Deploy.0 = Release|iPhone
		{6CF64EF8-7992-4D5A-A964-BD4FABB23FBD}.Release|iPhoneSimulator.ActiveCfg = Release|iPhoneSimulator
		{6CF64EF8-7992-4D5A-A964-BD4FABB23FBD}.Release|iPhoneSimulator.Build.0 = Release|iPhoneSimulator
		{6CF64EF8-7992-4D5A-A964-BD4FABB23FBD}.Release|iPhoneSimulator.Deploy.0 = Release|iPhoneSimulator
		{2AC42268-6477-4B4E-A720-008FC57F9A4C}.Debug|Any CPU.ActiveCfg = Debug|Any CPU
		{2AC42268-6477-4B4E-A720-008FC57F9A4C}.Debug|Any CPU.Build.0 = Debug|Any CPU
		{2AC42268-6477-4B4E-A720-008FC57F9A4C}.Debug|Any CPU.Deploy.0 = Debug|Any CPU
		{2AC42268-6477-4B4E-A720-008FC57F9A4C}.Debug|iPhone.ActiveCfg = Debug|Any CPU
		{2AC42268-6477-4B4E-A720-008FC57F9A4C}.Debug|iPhone.Build.0 = Debug|Any CPU
		{2AC42268-6477-4B4E-A720-008FC57F9A4C}.Debug|iPhone.Deploy.0 = Debug|Any CPU
		{2AC42268-6477-4B4E-A720-008FC57F9A4C}.Debug|iPhoneSimulator.ActiveCfg = Debug|Any CPU
		{2AC42268-6477-4B4E-A720-008FC57F9A4C}.Debug|iPhoneSimulator.Build.0 = Debug|Any CPU
		{2AC42268-6477-4B4E-A720-008FC57F9A4C}.Debug|iPhoneSimulator.Deploy.0 = Debug|Any CPU
		{2AC42268-6477-4B4E-A720-008FC57F9A4C}.Release|Any CPU.ActiveCfg = Release|Any CPU
		{2AC42268-6477-4B4E-A720-008FC57F9A4C}.Release|Any CPU.Build.0 = Release|Any CPU
		{2AC42268-6477-4B4E-A720-008FC57F9A4C}.Release|Any CPU.Deploy.0 = Release|Any CPU
		{2AC42268-6477-4B4E-A720-008FC57F9A4C}.Release|iPhone.ActiveCfg = Release|Any CPU
		{2AC42268-6477-4B4E-A720-008FC57F9A4C}.Release|iPhone.Build.0 = Release|Any CPU
		{2AC42268-6477-4B4E-A720-008FC57F9A4C}.Release|iPhone.Deploy.0 = Release|Any CPU
		{2AC42268-6477-4B4E-A720-008FC57F9A4C}.Release|iPhoneSimulator.ActiveCfg = Release|Any CPU
		{2AC42268-6477-4B4E-A720-008FC57F9A4C}.Release|iPhoneSimulator.Build.0 = Release|Any CPU
		{2AC42268-6477-4B4E-A720-008FC57F9A4C}.Release|iPhoneSimulator.Deploy.0 = Release|Any CPU
	EndGlobalSection
	GlobalSection(SolutionProperties) = preSolution
		HideSolutionNode = FALSE
	EndGlobalSection
	GlobalSection(ExtensibilityGlobals) = postSolution
		SolutionGuid = {29B93830-7603-468F-AD5D-5F33B9EC425C}
	EndGlobalSection
EndGlobal
